// !$*UTF8*$!
{
	archiveVersion = 1;
	classes = {
	};
	objectVersion = 56;
	objects = {

/* Begin PBXBuildFile section */
		BC152B892AE862BA0047DDBB /* Color.swift in Sources */ = {isa = PBXBuildFile; fileRef = BC152B882AE862BA0047DDBB /* Color.swift */; };
		BC152B8B2AE887670047DDBB /* ResultsViewModel.swift in Sources */ = {isa = PBXBuildFile; fileRef = BC152B8A2AE887670047DDBB /* ResultsViewModel.swift */; };
		BC1A614D2B03AABA00554997 /* MoodCaption.swift in Sources */ = {isa = PBXBuildFile; fileRef = BC1A614C2B03AABA00554997 /* MoodCaption.swift */; };
		BC2108672AFFEF3D00ECFE25 /* SavedImageManager.swift in Sources */ = {isa = PBXBuildFile; fileRef = BC2108662AFFEF3D00ECFE25 /* SavedImageManager.swift */; };
		BC21086E2B0052F300ECFE25 /* GridViewModel.swift in Sources */ = {isa = PBXBuildFile; fileRef = BC21086D2B0052F300ECFE25 /* GridViewModel.swift */; };
		BC2108702B00537F00ECFE25 /* LastListenedModel.swift in Sources */ = {isa = PBXBuildFile; fileRef = BC21086F2B00537F00ECFE25 /* LastListenedModel.swift */; };
		BC2108722B00547200ECFE25 /* GenresModel.swift in Sources */ = {isa = PBXBuildFile; fileRef = BC2108712B00547200ECFE25 /* GenresModel.swift */; };
		BC2108752B005CA400ECFE25 /* WebView.swift in Sources */ = {isa = PBXBuildFile; fileRef = BC2108742B005CA400ECFE25 /* WebView.swift */; };
		BC2108772B005CE700ECFE25 /* Delegate.swift in Sources */ = {isa = PBXBuildFile; fileRef = BC2108762B005CE700ECFE25 /* Delegate.swift */; };
		BC21087B2B007C6A00ECFE25 /* LoadingBar.swift in Sources */ = {isa = PBXBuildFile; fileRef = BC21087A2B007C6A00ECFE25 /* LoadingBar.swift */; };
		BC21087D2B0105F300ECFE25 /* TexFieldStyle.swift in Sources */ = {isa = PBXBuildFile; fileRef = BC21087C2B0105F300ECFE25 /* TexFieldStyle.swift */; };
		BC21087F2B01481400ECFE25 /* ButtonStyle.swift in Sources */ = {isa = PBXBuildFile; fileRef = BC21087E2B01481400ECFE25 /* ButtonStyle.swift */; };
		BC2108852B055E8200ECFE25 /* NotificationsManager.swift in Sources */ = {isa = PBXBuildFile; fileRef = BC2108842B055E8200ECFE25 /* NotificationsManager.swift */; };
		BC2108872B05605500ECFE25 /* NotificationType.swift in Sources */ = {isa = PBXBuildFile; fileRef = BC2108862B05605500ECFE25 /* NotificationType.swift */; };
		BC2108892B05696700ECFE25 /* OnboardingView.swift in Sources */ = {isa = PBXBuildFile; fileRef = BC2108882B05696700ECFE25 /* OnboardingView.swift */; };
		BC21088B2B0589DA00ECFE25 /* MoodsModel.swift in Sources */ = {isa = PBXBuildFile; fileRef = BC21088A2B0589DA00ECFE25 /* MoodsModel.swift */; };
		BC5508972AC5F712005817BD /* Spotify_testApp.swift in Sources */ = {isa = PBXBuildFile; fileRef = BC5508962AC5F712005817BD /* Spotify_testApp.swift */; };
		BC5508992AC5F712005817BD /* HomeView.swift in Sources */ = {isa = PBXBuildFile; fileRef = BC5508982AC5F712005817BD /* HomeView.swift */; };
		BC55089B2AC5F713005817BD /* Assets.xcassets in Resources */ = {isa = PBXBuildFile; fileRef = BC55089A2AC5F713005817BD /* Assets.xcassets */; };
		BC55089E2AC5F713005817BD /* Preview Assets.xcassets in Resources */ = {isa = PBXBuildFile; fileRef = BC55089D2AC5F713005817BD /* Preview Assets.xcassets */; };
		BC60DE402AFD755800DD2DD8 /* KeyboardModifier.swift in Sources */ = {isa = PBXBuildFile; fileRef = BC60DE3F2AFD755800DD2DD8 /* KeyboardModifier.swift */; };
		BC60DE422AFDC6BC00DD2DD8 /* DailyStats.swift in Sources */ = {isa = PBXBuildFile; fileRef = BC60DE412AFDC6BC00DD2DD8 /* DailyStats.swift */; };
		BC61DF412AF183BB0035B24A /* DayInfo.xcdatamodeld in Sources */ = {isa = PBXBuildFile; fileRef = BC61DF3F2AF183BB0035B24A /* DayInfo.xcdatamodeld */; };
		BC61DF432AF187FB0035B24A /* DataManager.swift in Sources */ = {isa = PBXBuildFile; fileRef = BC61DF422AF187FB0035B24A /* DataManager.swift */; };
		BC61DF452AF19D7B0035B24A /* Coordinator.swift in Sources */ = {isa = PBXBuildFile; fileRef = BC61DF442AF19D7B0035B24A /* Coordinator.swift */; };
		BC61DF472AF19E560035B24A /* AppNavigation.swift in Sources */ = {isa = PBXBuildFile; fileRef = BC61DF462AF19E560035B24A /* AppNavigation.swift */; };
		BC9254D62AFD26910028DE45 /* PhotoImage.swift in Sources */ = {isa = PBXBuildFile; fileRef = BC9254D52AFD26910028DE45 /* PhotoImage.swift */; };
		BC9254D82AFD3B5B0028DE45 /* PhotoModel.swift in Sources */ = {isa = PBXBuildFile; fileRef = BC9254D72AFD3B5B0028DE45 /* PhotoModel.swift */; };
		BCE9A1BA2ADF5F92001D6564 /* APIConstants.swift in Sources */ = {isa = PBXBuildFile; fileRef = BCE9A1B92ADF5F92001D6564 /* APIConstants.swift */; };
		BCE9A1BC2ADF6360001D6564 /* NetworkError.swift in Sources */ = {isa = PBXBuildFile; fileRef = BCE9A1BB2ADF6360001D6564 /* NetworkError.swift */; };
		BCE9A1BE2ADF63F7001D6564 /* APIService.swift in Sources */ = {isa = PBXBuildFile; fileRef = BCE9A1BD2ADF63F7001D6564 /* APIService.swift */; };
		BCF2B7252AF2B89300872372 /* DailyLogManager.swift in Sources */ = {isa = PBXBuildFile; fileRef = BCF2B7242AF2B89300872372 /* DailyLogManager.swift */; };
		BCF590B32AED63DD0037E6C1 /* GridView.swift in Sources */ = {isa = PBXBuildFile; fileRef = BCF590B22AED63DD0037E6C1 /* GridView.swift */; };
		BCF590B52AED6A4E0037E6C1 /* ResultsView.swift in Sources */ = {isa = PBXBuildFile; fileRef = BCF590B42AED6A4E0037E6C1 /* ResultsView.swift */; };
		BCF590B72AED6B100037E6C1 /* Rectangle.swift in Sources */ = {isa = PBXBuildFile; fileRef = BCF590B62AED6B100037E6C1 /* Rectangle.swift */; };
		BCFF30442AFBE05B0063AF61 /* StringProtocol.swift in Sources */ = {isa = PBXBuildFile; fileRef = BCFF30432AFBE05B0063AF61 /* StringProtocol.swift */; };
		BCFF30462AFC5DC80063AF61 /* FlowerAnimation.swift in Sources */ = {isa = PBXBuildFile; fileRef = BCFF30452AFC5DC80063AF61 /* FlowerAnimation.swift */; };
/* End PBXBuildFile section */

/* Begin PBXFileReference section */
		BC152B882AE862BA0047DDBB /* Color.swift */ = {isa = PBXFileReference; lastKnownFileType = sourcecode.swift; path = Color.swift; sourceTree = "<group>"; };
		BC152B8A2AE887670047DDBB /* ResultsViewModel.swift */ = {isa = PBXFileReference; lastKnownFileType = sourcecode.swift; path = ResultsViewModel.swift; sourceTree = "<group>"; };
		BC1A614C2B03AABA00554997 /* MoodCaption.swift */ = {isa = PBXFileReference; lastKnownFileType = sourcecode.swift; path = MoodCaption.swift; sourceTree = "<group>"; };
		BC2108662AFFEF3D00ECFE25 /* SavedImageManager.swift */ = {isa = PBXFileReference; lastKnownFileType = sourcecode.swift; path = SavedImageManager.swift; sourceTree = "<group>"; };
		BC21086D2B0052F300ECFE25 /* GridViewModel.swift */ = {isa = PBXFileReference; lastKnownFileType = sourcecode.swift; path = GridViewModel.swift; sourceTree = "<group>"; };
		BC21086F2B00537F00ECFE25 /* LastListenedModel.swift */ = {isa = PBXFileReference; lastKnownFileType = sourcecode.swift; path = LastListenedModel.swift; sourceTree = "<group>"; };
		BC2108712B00547200ECFE25 /* GenresModel.swift */ = {isa = PBXFileReference; lastKnownFileType = sourcecode.swift; path = GenresModel.swift; sourceTree = "<group>"; };
		BC2108742B005CA400ECFE25 /* WebView.swift */ = {isa = PBXFileReference; lastKnownFileType = sourcecode.swift; path = WebView.swift; sourceTree = "<group>"; };
		BC2108762B005CE700ECFE25 /* Delegate.swift */ = {isa = PBXFileReference; lastKnownFileType = sourcecode.swift; path = Delegate.swift; sourceTree = "<group>"; };
		BC21087A2B007C6A00ECFE25 /* LoadingBar.swift */ = {isa = PBXFileReference; lastKnownFileType = sourcecode.swift; path = LoadingBar.swift; sourceTree = "<group>"; };
		BC21087C2B0105F300ECFE25 /* TexFieldStyle.swift */ = {isa = PBXFileReference; lastKnownFileType = sourcecode.swift; path = TexFieldStyle.swift; sourceTree = "<group>"; };
		BC21087E2B01481400ECFE25 /* ButtonStyle.swift */ = {isa = PBXFileReference; lastKnownFileType = sourcecode.swift; path = ButtonStyle.swift; sourceTree = "<group>"; };
		BC2108842B055E8200ECFE25 /* NotificationsManager.swift */ = {isa = PBXFileReference; lastKnownFileType = sourcecode.swift; path = NotificationsManager.swift; sourceTree = "<group>"; };
		BC2108862B05605500ECFE25 /* NotificationType.swift */ = {isa = PBXFileReference; lastKnownFileType = sourcecode.swift; path = NotificationType.swift; sourceTree = "<group>"; };
		BC2108882B05696700ECFE25 /* OnboardingView.swift */ = {isa = PBXFileReference; lastKnownFileType = sourcecode.swift; path = OnboardingView.swift; sourceTree = "<group>"; };
		BC21088A2B0589DA00ECFE25 /* MoodsModel.swift */ = {isa = PBXFileReference; lastKnownFileType = sourcecode.swift; path = MoodsModel.swift; sourceTree = "<group>"; };
		BC5508932AC5F712005817BD /* Spotify-test.app */ = {isa = PBXFileReference; explicitFileType = wrapper.application; includeInIndex = 0; path = "Spotify-test.app"; sourceTree = BUILT_PRODUCTS_DIR; };
		BC5508962AC5F712005817BD /* Spotify_testApp.swift */ = {isa = PBXFileReference; lastKnownFileType = sourcecode.swift; path = Spotify_testApp.swift; sourceTree = "<group>"; };
		BC5508982AC5F712005817BD /* HomeView.swift */ = {isa = PBXFileReference; lastKnownFileType = sourcecode.swift; path = HomeView.swift; sourceTree = "<group>"; };
		BC55089A2AC5F713005817BD /* Assets.xcassets */ = {isa = PBXFileReference; lastKnownFileType = folder.assetcatalog; path = Assets.xcassets; sourceTree = "<group>"; };
		BC55089D2AC5F713005817BD /* Preview Assets.xcassets */ = {isa = PBXFileReference; lastKnownFileType = folder.assetcatalog; path = "Preview Assets.xcassets"; sourceTree = "<group>"; };
		BC60DE3F2AFD755800DD2DD8 /* KeyboardModifier.swift */ = {isa = PBXFileReference; lastKnownFileType = sourcecode.swift; path = KeyboardModifier.swift; sourceTree = "<group>"; };
		BC60DE412AFDC6BC00DD2DD8 /* DailyStats.swift */ = {isa = PBXFileReference; lastKnownFileType = sourcecode.swift; path = DailyStats.swift; sourceTree = "<group>"; };
		BC61DF402AF183BB0035B24A /* Model.xcdatamodel */ = {isa = PBXFileReference; lastKnownFileType = wrapper.xcdatamodel; path = Model.xcdatamodel; sourceTree = "<group>"; };
		BC61DF422AF187FB0035B24A /* DataManager.swift */ = {isa = PBXFileReference; lastKnownFileType = sourcecode.swift; path = DataManager.swift; sourceTree = "<group>"; };
		BC61DF442AF19D7B0035B24A /* Coordinator.swift */ = {isa = PBXFileReference; lastKnownFileType = sourcecode.swift; path = Coordinator.swift; sourceTree = "<group>"; };
		BC61DF462AF19E560035B24A /* AppNavigation.swift */ = {isa = PBXFileReference; lastKnownFileType = sourcecode.swift; path = AppNavigation.swift; sourceTree = "<group>"; };
		BC9254D52AFD26910028DE45 /* PhotoImage.swift */ = {isa = PBXFileReference; lastKnownFileType = sourcecode.swift; path = PhotoImage.swift; sourceTree = "<group>"; };
		BC9254D72AFD3B5B0028DE45 /* PhotoModel.swift */ = {isa = PBXFileReference; lastKnownFileType = sourcecode.swift; path = PhotoModel.swift; sourceTree = "<group>"; };
		BCE9A1B92ADF5F92001D6564 /* APIConstants.swift */ = {isa = PBXFileReference; lastKnownFileType = sourcecode.swift; path = APIConstants.swift; sourceTree = "<group>"; };
		BCE9A1BB2ADF6360001D6564 /* NetworkError.swift */ = {isa = PBXFileReference; lastKnownFileType = sourcecode.swift; path = NetworkError.swift; sourceTree = "<group>"; };
		BCE9A1BD2ADF63F7001D6564 /* APIService.swift */ = {isa = PBXFileReference; lastKnownFileType = sourcecode.swift; path = APIService.swift; sourceTree = "<group>"; };
		BCF2B7242AF2B89300872372 /* DailyLogManager.swift */ = {isa = PBXFileReference; lastKnownFileType = sourcecode.swift; path = DailyLogManager.swift; sourceTree = "<group>"; };
		BCF590B22AED63DD0037E6C1 /* GridView.swift */ = {isa = PBXFileReference; lastKnownFileType = sourcecode.swift; path = GridView.swift; sourceTree = "<group>"; };
		BCF590B42AED6A4E0037E6C1 /* ResultsView.swift */ = {isa = PBXFileReference; lastKnownFileType = sourcecode.swift; path = ResultsView.swift; sourceTree = "<group>"; };
		BCF590B62AED6B100037E6C1 /* Rectangle.swift */ = {isa = PBXFileReference; lastKnownFileType = sourcecode.swift; path = Rectangle.swift; sourceTree = "<group>"; };
		BCFF30432AFBE05B0063AF61 /* StringProtocol.swift */ = {isa = PBXFileReference; lastKnownFileType = sourcecode.swift; path = StringProtocol.swift; sourceTree = "<group>"; };
		BCFF30452AFC5DC80063AF61 /* FlowerAnimation.swift */ = {isa = PBXFileReference; lastKnownFileType = sourcecode.swift; path = FlowerAnimation.swift; sourceTree = "<group>"; };
/* End PBXFileReference section */

/* Begin PBXFrameworksBuildPhase section */
		BC5508902AC5F712005817BD /* Frameworks */ = {
			isa = PBXFrameworksBuildPhase;
			buildActionMask = 2147483647;
			files = (
			);
			runOnlyForDeploymentPostprocessing = 0;
		};
/* End PBXFrameworksBuildPhase section */

/* Begin PBXGroup section */
		BC2108682B00513700ECFE25 /* View */ = {
			isa = PBXGroup;
			children = (
				BC2108882B05696700ECFE25 /* OnboardingView.swift */,
				BCF590B42AED6A4E0037E6C1 /* ResultsView.swift */,
				BCF590B22AED63DD0037E6C1 /* GridView.swift */,
				BC5508982AC5F712005817BD /* HomeView.swift */,
				BC21086B2B00517800ECFE25 /* Components */,
			);
			path = View;
			sourceTree = "<group>";
		};
		BC2108692B00514800ECFE25 /* Model */ = {
			isa = PBXGroup;
			children = (
				BC61DF3F2AF183BB0035B24A /* DayInfo.xcdatamodeld */,
				BC9254D72AFD3B5B0028DE45 /* PhotoModel.swift */,
				BCE9A1BD2ADF63F7001D6564 /* APIService.swift */,
				BC21086F2B00537F00ECFE25 /* LastListenedModel.swift */,
				BC2108712B00547200ECFE25 /* GenresModel.swift */,
				BCE9A1B92ADF5F92001D6564 /* APIConstants.swift */,
				BCE9A1BB2ADF6360001D6564 /* NetworkError.swift */,
				BC2108862B05605500ECFE25 /* NotificationType.swift */,
				BC21088A2B0589DA00ECFE25 /* MoodsModel.swift */,
			);
			path = Model;
			sourceTree = "<group>";
		};
		BC21086A2B00515300ECFE25 /* ViewModel */ = {
			isa = PBXGroup;
			children = (
				BC21086D2B0052F300ECFE25 /* GridViewModel.swift */,
				BC152B8A2AE887670047DDBB /* ResultsViewModel.swift */,
			);
			path = ViewModel;
			sourceTree = "<group>";
		};
		BC21086B2B00517800ECFE25 /* Components */ = {
			isa = PBXGroup;
			children = (
				BC21087A2B007C6A00ECFE25 /* LoadingBar.swift */,
				BCFF30452AFC5DC80063AF61 /* FlowerAnimation.swift */,
				BC1A614C2B03AABA00554997 /* MoodCaption.swift */,
				BC9254D52AFD26910028DE45 /* PhotoImage.swift */,
				BC60DE412AFDC6BC00DD2DD8 /* DailyStats.swift */,
				BCF590B62AED6B100037E6C1 /* Rectangle.swift */,
				BC2108782B005D1E00ECFE25 /* WebView */,
			);
			path = Components;
			sourceTree = "<group>";
		};
		BC21086C2B0051C100ECFE25 /* Extensions */ = {
			isa = PBXGroup;
			children = (
				BC60DE3F2AFD755800DD2DD8 /* KeyboardModifier.swift */,
				BCFF30432AFBE05B0063AF61 /* StringProtocol.swift */,
				BC152B882AE862BA0047DDBB /* Color.swift */,
				BC21087C2B0105F300ECFE25 /* TexFieldStyle.swift */,
				BC21087E2B01481400ECFE25 /* ButtonStyle.swift */,
			);
			path = Extensions;
			sourceTree = "<group>";
		};
		BC2108732B00569100ECFE25 /* Manager */ = {
			isa = PBXGroup;
			children = (
				BC2108662AFFEF3D00ECFE25 /* SavedImageManager.swift */,
				BC61DF422AF187FB0035B24A /* DataManager.swift */,
				BCF2B7242AF2B89300872372 /* DailyLogManager.swift */,
				BC2108842B055E8200ECFE25 /* NotificationsManager.swift */,
			);
			path = Manager;
			sourceTree = "<group>";
		};
		BC2108782B005D1E00ECFE25 /* WebView */ = {
			isa = PBXGroup;
			children = (
				BC2108742B005CA400ECFE25 /* WebView.swift */,
				BC2108762B005CE700ECFE25 /* Delegate.swift */,
			);
			path = WebView;
			sourceTree = "<group>";
		};
		BC2108792B005D5100ECFE25 /* Navigation */ = {
			isa = PBXGroup;
			children = (
				BC61DF442AF19D7B0035B24A /* Coordinator.swift */,
				BC61DF462AF19E560035B24A /* AppNavigation.swift */,
			);
			path = Navigation;
			sourceTree = "<group>";
		};
		BC55088A2AC5F712005817BD = {
			isa = PBXGroup;
			children = (
				BC5508952AC5F712005817BD /* Spotify-test */,
				BC5508942AC5F712005817BD /* Products */,
			);
			sourceTree = "<group>";
		};
		BC5508942AC5F712005817BD /* Products */ = {
			isa = PBXGroup;
			children = (
				BC5508932AC5F712005817BD /* Spotify-test.app */,
			);
			name = Products;
			sourceTree = "<group>";
		};
		BC5508952AC5F712005817BD /* Spotify-test */ = {
			isa = PBXGroup;
			children = (
				BC5508962AC5F712005817BD /* Spotify_testApp.swift */,
				BC2108682B00513700ECFE25 /* View */,
				BC2108692B00514800ECFE25 /* Model */,
				BC21086A2B00515300ECFE25 /* ViewModel */,
				BC21086C2B0051C100ECFE25 /* Extensions */,
				BC2108732B00569100ECFE25 /* Manager */,
				BC2108792B005D5100ECFE25 /* Navigation */,
				BC55089A2AC5F713005817BD /* Assets.xcassets */,
				BC55089C2AC5F713005817BD /* Preview Content */,
			);
			path = "Spotify-test";
			sourceTree = "<group>";
		};
		BC55089C2AC5F713005817BD /* Preview Content */ = {
			isa = PBXGroup;
			children = (
				BC55089D2AC5F713005817BD /* Preview Assets.xcassets */,
			);
			path = "Preview Content";
			sourceTree = "<group>";
		};
/* End PBXGroup section */

/* Begin PBXNativeTarget section */
		BC5508922AC5F712005817BD /* Spotify-test */ = {
			isa = PBXNativeTarget;
			buildConfigurationList = BC5508A12AC5F713005817BD /* Build configuration list for PBXNativeTarget "Spotify-test" */;
			buildPhases = (
				BC55088F2AC5F712005817BD /* Sources */,
				BC5508902AC5F712005817BD /* Frameworks */,
				BC5508912AC5F712005817BD /* Resources */,
			);
			buildRules = (
			);
			dependencies = (
			);
			name = "Spotify-test";
			productName = "Spotify-test";
			productReference = BC5508932AC5F712005817BD /* Spotify-test.app */;
			productType = "com.apple.product-type.application";
		};
/* End PBXNativeTarget section */

/* Begin PBXProject section */
		BC55088B2AC5F712005817BD /* Project object */ = {
			isa = PBXProject;
			attributes = {
				BuildIndependentTargetsInParallel = 1;
				LastSwiftUpdateCheck = 1430;
				LastUpgradeCheck = 1430;
				TargetAttributes = {
					BC5508922AC5F712005817BD = {
						CreatedOnToolsVersion = 14.3.1;
					};
				};
			};
			buildConfigurationList = BC55088E2AC5F712005817BD /* Build configuration list for PBXProject "Spotify-test" */;
			compatibilityVersion = "Xcode 14.0";
			developmentRegion = en;
			hasScannedForEncodings = 0;
			knownRegions = (
				en,
				Base,
			);
			mainGroup = BC55088A2AC5F712005817BD;
			productRefGroup = BC5508942AC5F712005817BD /* Products */;
			projectDirPath = "";
			projectRoot = "";
			targets = (
				BC5508922AC5F712005817BD /* Spotify-test */,
			);
		};
/* End PBXProject section */

/* Begin PBXResourcesBuildPhase section */
		BC5508912AC5F712005817BD /* Resources */ = {
			isa = PBXResourcesBuildPhase;
			buildActionMask = 2147483647;
			files = (
				BC55089E2AC5F713005817BD /* Preview Assets.xcassets in Resources */,
				BC55089B2AC5F713005817BD /* Assets.xcassets in Resources */,
			);
			runOnlyForDeploymentPostprocessing = 0;
		};
/* End PBXResourcesBuildPhase section */

/* Begin PBXSourcesBuildPhase section */
		BC55088F2AC5F712005817BD /* Sources */ = {
			isa = PBXSourcesBuildPhase;
			buildActionMask = 2147483647;
			files = (
				BC21086E2B0052F300ECFE25 /* GridViewModel.swift in Sources */,
				BCF590B52AED6A4E0037E6C1 /* ResultsView.swift in Sources */,
				BC61DF432AF187FB0035B24A /* DataManager.swift in Sources */,
				BC5508992AC5F712005817BD /* HomeView.swift in Sources */,
				BC61DF472AF19E560035B24A /* AppNavigation.swift in Sources */,
				BCE9A1BE2ADF63F7001D6564 /* APIService.swift in Sources */,
				BCFF30462AFC5DC80063AF61 /* FlowerAnimation.swift in Sources */,
				BC2108702B00537F00ECFE25 /* LastListenedModel.swift in Sources */,
				BCE9A1BC2ADF6360001D6564 /* NetworkError.swift in Sources */,
				BC21087B2B007C6A00ECFE25 /* LoadingBar.swift in Sources */,
				BC5508972AC5F712005817BD /* Spotify_testApp.swift in Sources */,
				BCF590B72AED6B100037E6C1 /* Rectangle.swift in Sources */,
				BCF2B7252AF2B89300872372 /* DailyLogManager.swift in Sources */,
				BC2108852B055E8200ECFE25 /* NotificationsManager.swift in Sources */,
				BC1A614D2B03AABA00554997 /* MoodCaption.swift in Sources */,
				BC2108892B05696700ECFE25 /* OnboardingView.swift in Sources */,
				BCE9A1BA2ADF5F92001D6564 /* APIConstants.swift in Sources */,
				BCF590B32AED63DD0037E6C1 /* GridView.swift in Sources */,
				BC9254D82AFD3B5B0028DE45 /* PhotoModel.swift in Sources */,
				BC152B892AE862BA0047DDBB /* Color.swift in Sources */,
				BC2108722B00547200ECFE25 /* GenresModel.swift in Sources */,
				BC61DF452AF19D7B0035B24A /* Coordinator.swift in Sources */,
				BC61DF412AF183BB0035B24A /* DayInfo.xcdatamodeld in Sources */,
				BC60DE422AFDC6BC00DD2DD8 /* DailyStats.swift in Sources */,
				BC21087D2B0105F300ECFE25 /* TexFieldStyle.swift in Sources */,
				BC2108672AFFEF3D00ECFE25 /* SavedImageManager.swift in Sources */,
				BC9254D62AFD26910028DE45 /* PhotoImage.swift in Sources */,
				BCFF30442AFBE05B0063AF61 /* StringProtocol.swift in Sources */,
				BC2108772B005CE700ECFE25 /* Delegate.swift in Sources */,
				BC21087F2B01481400ECFE25 /* ButtonStyle.swift in Sources */,
				BC21088B2B0589DA00ECFE25 /* MoodsModel.swift in Sources */,
				BC2108752B005CA400ECFE25 /* WebView.swift in Sources */,
				BC60DE402AFD755800DD2DD8 /* KeyboardModifier.swift in Sources */,
				BC2108872B05605500ECFE25 /* NotificationType.swift in Sources */,
				BC152B8B2AE887670047DDBB /* ResultsViewModel.swift in Sources */,
			);
			runOnlyForDeploymentPostprocessing = 0;
		};
/* End PBXSourcesBuildPhase section */

/* Begin XCBuildConfiguration section */
		BC55089F2AC5F713005817BD /* Debug */ = {
			isa = XCBuildConfiguration;
			buildSettings = {
				ALWAYS_SEARCH_USER_PATHS = NO;
				CLANG_ANALYZER_NONNULL = YES;
				CLANG_ANALYZER_NUMBER_OBJECT_CONVERSION = YES_AGGRESSIVE;
				CLANG_CXX_LANGUAGE_STANDARD = "gnu++20";
				CLANG_ENABLE_MODULES = YES;
				CLANG_ENABLE_OBJC_ARC = YES;
				CLANG_ENABLE_OBJC_WEAK = YES;
				CLANG_WARN_BLOCK_CAPTURE_AUTORELEASING = YES;
				CLANG_WARN_BOOL_CONVERSION = YES;
				CLANG_WARN_COMMA = YES;
				CLANG_WARN_CONSTANT_CONVERSION = YES;
				CLANG_WARN_DEPRECATED_OBJC_IMPLEMENTATIONS = YES;
				CLANG_WARN_DIRECT_OBJC_ISA_USAGE = YES_ERROR;
				CLANG_WARN_DOCUMENTATION_COMMENTS = YES;
				CLANG_WARN_EMPTY_BODY = YES;
				CLANG_WARN_ENUM_CONVERSION = YES;
				CLANG_WARN_INFINITE_RECURSION = YES;
				CLANG_WARN_INT_CONVERSION = YES;
				CLANG_WARN_NON_LITERAL_NULL_CONVERSION = YES;
				CLANG_WARN_OBJC_IMPLICIT_RETAIN_SELF = YES;
				CLANG_WARN_OBJC_LITERAL_CONVERSION = YES;
				CLANG_WARN_OBJC_ROOT_CLASS = YES_ERROR;
				CLANG_WARN_QUOTED_INCLUDE_IN_FRAMEWORK_HEADER = YES;
				CLANG_WARN_RANGE_LOOP_ANALYSIS = YES;
				CLANG_WARN_STRICT_PROTOTYPES = YES;
				CLANG_WARN_SUSPICIOUS_MOVE = YES;
				CLANG_WARN_UNGUARDED_AVAILABILITY = YES_AGGRESSIVE;
				CLANG_WARN_UNREACHABLE_CODE = YES;
				CLANG_WARN__DUPLICATE_METHOD_MATCH = YES;
				COPY_PHASE_STRIP = NO;
				DEBUG_INFORMATION_FORMAT = dwarf;
				ENABLE_STRICT_OBJC_MSGSEND = YES;
				ENABLE_TESTABILITY = YES;
				GCC_C_LANGUAGE_STANDARD = gnu11;
				GCC_DYNAMIC_NO_PIC = NO;
				GCC_NO_COMMON_BLOCKS = YES;
				GCC_OPTIMIZATION_LEVEL = 0;
				GCC_PREPROCESSOR_DEFINITIONS = (
					"DEBUG=1",
					"$(inherited)",
				);
				GCC_WARN_64_TO_32_BIT_CONVERSION = YES;
				GCC_WARN_ABOUT_RETURN_TYPE = YES_ERROR;
				GCC_WARN_UNDECLARED_SELECTOR = YES;
				GCC_WARN_UNINITIALIZED_AUTOS = YES_AGGRESSIVE;
				GCC_WARN_UNUSED_FUNCTION = YES;
				GCC_WARN_UNUSED_VARIABLE = YES;
				IPHONEOS_DEPLOYMENT_TARGET = 16.4;
				MTL_ENABLE_DEBUG_INFO = INCLUDE_SOURCE;
				MTL_FAST_MATH = YES;
				ONLY_ACTIVE_ARCH = YES;
				SDKROOT = iphoneos;
				SWIFT_ACTIVE_COMPILATION_CONDITIONS = DEBUG;
				SWIFT_OPTIMIZATION_LEVEL = "-Onone";
			};
			name = Debug;
		};
		BC5508A02AC5F713005817BD /* Release */ = {
			isa = XCBuildConfiguration;
			buildSettings = {
				ALWAYS_SEARCH_USER_PATHS = NO;
				CLANG_ANALYZER_NONNULL = YES;
				CLANG_ANALYZER_NUMBER_OBJECT_CONVERSION = YES_AGGRESSIVE;
				CLANG_CXX_LANGUAGE_STANDARD = "gnu++20";
				CLANG_ENABLE_MODULES = YES;
				CLANG_ENABLE_OBJC_ARC = YES;
				CLANG_ENABLE_OBJC_WEAK = YES;
				CLANG_WARN_BLOCK_CAPTURE_AUTORELEASING = YES;
				CLANG_WARN_BOOL_CONVERSION = YES;
				CLANG_WARN_COMMA = YES;
				CLANG_WARN_CONSTANT_CONVERSION = YES;
				CLANG_WARN_DEPRECATED_OBJC_IMPLEMENTATIONS = YES;
				CLANG_WARN_DIRECT_OBJC_ISA_USAGE = YES_ERROR;
				CLANG_WARN_DOCUMENTATION_COMMENTS = YES;
				CLANG_WARN_EMPTY_BODY = YES;
				CLANG_WARN_ENUM_CONVERSION = YES;
				CLANG_WARN_INFINITE_RECURSION = YES;
				CLANG_WARN_INT_CONVERSION = YES;
				CLANG_WARN_NON_LITERAL_NULL_CONVERSION = YES;
				CLANG_WARN_OBJC_IMPLICIT_RETAIN_SELF = YES;
				CLANG_WARN_OBJC_LITERAL_CONVERSION = YES;
				CLANG_WARN_OBJC_ROOT_CLASS = YES_ERROR;
				CLANG_WARN_QUOTED_INCLUDE_IN_FRAMEWORK_HEADER = YES;
				CLANG_WARN_RANGE_LOOP_ANALYSIS = YES;
				CLANG_WARN_STRICT_PROTOTYPES = YES;
				CLANG_WARN_SUSPICIOUS_MOVE = YES;
				CLANG_WARN_UNGUARDED_AVAILABILITY = YES_AGGRESSIVE;
				CLANG_WARN_UNREACHABLE_CODE = YES;
				CLANG_WARN__DUPLICATE_METHOD_MATCH = YES;
				COPY_PHASE_STRIP = NO;
				DEBUG_INFORMATION_FORMAT = "dwarf-with-dsym";
				ENABLE_NS_ASSERTIONS = NO;
				ENABLE_STRICT_OBJC_MSGSEND = YES;
				GCC_C_LANGUAGE_STANDARD = gnu11;
				GCC_NO_COMMON_BLOCKS = YES;
				GCC_WARN_64_TO_32_BIT_CONVERSION = YES;
				GCC_WARN_ABOUT_RETURN_TYPE = YES_ERROR;
				GCC_WARN_UNDECLARED_SELECTOR = YES;
				GCC_WARN_UNINITIALIZED_AUTOS = YES_AGGRESSIVE;
				GCC_WARN_UNUSED_FUNCTION = YES;
				GCC_WARN_UNUSED_VARIABLE = YES;
				IPHONEOS_DEPLOYMENT_TARGET = 16.4;
				MTL_ENABLE_DEBUG_INFO = NO;
				MTL_FAST_MATH = YES;
				SDKROOT = iphoneos;
				SWIFT_COMPILATION_MODE = wholemodule;
				SWIFT_OPTIMIZATION_LEVEL = "-O";
				VALIDATE_PRODUCT = YES;
			};
			name = Release;
		};
		BC5508A22AC5F713005817BD /* Debug */ = {
			isa = XCBuildConfiguration;
			buildSettings = {
				ASSETCATALOG_COMPILER_APPICON_NAME = AppIcon;
				ASSETCATALOG_COMPILER_GLOBAL_ACCENT_COLOR_NAME = AccentColor;
				CODE_SIGN_STYLE = Automatic;
				CURRENT_PROJECT_VERSION = 1;
				DEVELOPMENT_ASSET_PATHS = "\"Spotify-test/Preview Content\"";
				DEVELOPMENT_TEAM = 9569K2P89M;
				ENABLE_PREVIEWS = YES;
				GENERATE_INFOPLIST_FILE = YES;
				INFOPLIST_KEY_UIApplicationSceneManifest_Generation = YES;
				INFOPLIST_KEY_UIApplicationSupportsIndirectInputEvents = YES;
				INFOPLIST_KEY_UILaunchScreen_Generation = YES;
				INFOPLIST_KEY_UISupportedInterfaceOrientations_iPad = "UIInterfaceOrientationPortrait UIInterfaceOrientationPortraitUpsideDown UIInterfaceOrientationLandscapeLeft UIInterfaceOrientationLandscapeRight";
				INFOPLIST_KEY_UISupportedInterfaceOrientations_iPhone = "UIInterfaceOrientationPortrait UIInterfaceOrientationLandscapeLeft UIInterfaceOrientationLandscapeRight";
				IPHONEOS_DEPLOYMENT_TARGET = 16.0;
				LD_RUNPATH_SEARCH_PATHS = (
					"$(inherited)",
					"@executable_path/Frameworks",
				);
				MARKETING_VERSION = 1.0;
				PRODUCT_BUNDLE_IDENTIFIER = "br.ufpe.cin.academy.mvpc.Spotify-test";
				PRODUCT_NAME = "$(TARGET_NAME)";
				SWIFT_EMIT_LOC_STRINGS = YES;
				SWIFT_VERSION = 5.0;
				TARGETED_DEVICE_FAMILY = "1,2";
			};
			name = Debug;
		};
		BC5508A32AC5F713005817BD /* Release */ = {
			isa = XCBuildConfiguration;
			buildSettings = {
				ASSETCATALOG_COMPILER_APPICON_NAME = AppIcon;
				ASSETCATALOG_COMPILER_GLOBAL_ACCENT_COLOR_NAME = AccentColor;
				CODE_SIGN_STYLE = Automatic;
				CURRENT_PROJECT_VERSION = 1;
				DEVELOPMENT_ASSET_PATHS = "\"Spotify-test/Preview Content\"";
				DEVELOPMENT_TEAM = 9569K2P89M;
				ENABLE_PREVIEWS = YES;
				GENERATE_INFOPLIST_FILE = YES;
				INFOPLIST_KEY_UIApplicationSceneManifest_Generation = YES;
				INFOPLIST_KEY_UIApplicationSupportsIndirectInputEvents = YES;
				INFOPLIST_KEY_UILaunchScreen_Generation = YES;
				INFOPLIST_KEY_UISupportedInterfaceOrientations_iPad = "UIInterfaceOrientationPortrait UIInterfaceOrientationPortraitUpsideDown UIInterfaceOrientationLandscapeLeft UIInterfaceOrientationLandscapeRight";
				INFOPLIST_KEY_UISupportedInterfaceOrientations_iPhone = "UIInterfaceOrientationPortrait UIInterfaceOrientationLandscapeLeft UIInterfaceOrientationLandscapeRight";
				IPHONEOS_DEPLOYMENT_TARGET = 16.0;
				LD_RUNPATH_SEARCH_PATHS = (
					"$(inherited)",
					"@executable_path/Frameworks",
				);
				MARKETING_VERSION = 1.0;
				PRODUCT_BUNDLE_IDENTIFIER = "br.ufpe.cin.academy.mvpc.Spotify-test";
				PRODUCT_NAME = "$(TARGET_NAME)";
				SWIFT_EMIT_LOC_STRINGS = YES;
				SWIFT_VERSION = 5.0;
				TARGETED_DEVICE_FAMILY = "1,2";
			};
			name = Release;
		};
/* End XCBuildConfiguration section */

/* Begin XCConfigurationList section */
		BC55088E2AC5F712005817BD /* Build configuration list for PBXProject "Spotify-test" */ = {
			isa = XCConfigurationList;
			buildConfigurations = (
				BC55089F2AC5F713005817BD /* Debug */,
				BC5508A02AC5F713005817BD /* Release */,
			);
			defaultConfigurationIsVisible = 0;
			defaultConfigurationName = Release;
		};
		BC5508A12AC5F713005817BD /* Build configuration list for PBXNativeTarget "Spotify-test" */ = {
			isa = XCConfigurationList;
			buildConfigurations = (
				BC5508A22AC5F713005817BD /* Debug */,
				BC5508A32AC5F713005817BD /* Release */,
			);
			defaultConfigurationIsVisible = 0;
			defaultConfigurationName = Release;
		};
/* End XCConfigurationList section */

/* Begin XCVersionGroup section */
		BC61DF3F2AF183BB0035B24A /* DayInfo.xcdatamodeld */ = {
			isa = XCVersionGroup;
			children = (
				BC61DF402AF183BB0035B24A /* Model.xcdatamodel */,
			);
			currentVersion = BC61DF402AF183BB0035B24A /* Model.xcdatamodel */;
			path = DayInfo.xcdatamodeld;
			sourceTree = "<group>";
			versionGroupType = wrapper.xcdatamodel;
		};
/* End XCVersionGroup section */
	};
	rootObject = BC55088B2AC5F712005817BD /* Project object */;
}
